// !$*UTF8*$!
{
	archiveVersion = 1;
	classes = {
	};
	objectVersion = 50;
	objects = {

/* Begin PBXBuildFile section */
		04CE937126E787FE009D7865 /* AppDelegate.swift in Sources */ = {isa = PBXBuildFile; fileRef = 04CE937026E787FE009D7865 /* AppDelegate.swift */; };
		04CE937A26E78800009D7865 /* Assets.xcassets in Resources */ = {isa = PBXBuildFile; fileRef = 04CE937926E78800009D7865 /* Assets.xcassets */; };
		04CE937D26E78800009D7865 /* LaunchScreen.storyboard in Resources */ = {isa = PBXBuildFile; fileRef = 04CE937B26E78800009D7865 /* LaunchScreen.storyboard */; };
		04CE939626E7891B009D7865 /* DetailVC.swift in Sources */ = {isa = PBXBuildFile; fileRef = 04CE939426E7891B009D7865 /* DetailVC.swift */; };
		04CE939726E7891B009D7865 /* DetailVC.xib in Resources */ = {isa = PBXBuildFile; fileRef = 04CE939526E7891B009D7865 /* DetailVC.xib */; };
		04CE939B26E7892A009D7865 /* InfoVC.swift in Sources */ = {isa = PBXBuildFile; fileRef = 04CE939926E7892A009D7865 /* InfoVC.swift */; };
		04CE939C26E7892A009D7865 /* InfoVC.xib in Resources */ = {isa = PBXBuildFile; fileRef = 04CE939A26E7892A009D7865 /* InfoVC.xib */; };
		04CE93A426E78B6F009D7865 /* HomeVC.swift in Sources */ = {isa = PBXBuildFile; fileRef = 04CE93A226E78B6F009D7865 /* HomeVC.swift */; };
		04CE93A526E78B6F009D7865 /* HomeVC.xib in Resources */ = {isa = PBXBuildFile; fileRef = 04CE93A326E78B6F009D7865 /* HomeVC.xib */; };
		04CE93AC26E78BB9009D7865 /* FavouriteVC.swift in Sources */ = {isa = PBXBuildFile; fileRef = 04CE93AA26E78BB9009D7865 /* FavouriteVC.swift */; };
		04CE93AD26E78BB9009D7865 /* FavouriteVC.xib in Resources */ = {isa = PBXBuildFile; fileRef = 04CE93AB26E78BB9009D7865 /* FavouriteVC.xib */; };
		04CE93B226E78BC8009D7865 /* Profile.swift in Sources */ = {isa = PBXBuildFile; fileRef = 04CE93B026E78BC8009D7865 /* Profile.swift */; };
		04CE93B326E78BC8009D7865 /* Profile.xib in Resources */ = {isa = PBXBuildFile; fileRef = 04CE93B126E78BC8009D7865 /* Profile.xib */; };
		04CE93B826E78E5D009D7865 /* MainTabbarVC.swift in Sources */ = {isa = PBXBuildFile; fileRef = 04CE93B726E78E5D009D7865 /* MainTabbarVC.swift */; };
		04CE93D226E8D417009D7865 /* MovieCell.swift in Sources */ = {isa = PBXBuildFile; fileRef = 04CE93D026E8D417009D7865 /* MovieCell.swift */; };
		04CE93D326E8D417009D7865 /* MovieCell.xib in Resources */ = {isa = PBXBuildFile; fileRef = 04CE93D126E8D417009D7865 /* MovieCell.xib */; };
		04CE93D726E8D519009D7865 /* MenuCell.swift in Sources */ = {isa = PBXBuildFile; fileRef = 04CE93D526E8D519009D7865 /* MenuCell.swift */; };
		04CE93D826E8D519009D7865 /* MenuCell.xib in Resources */ = {isa = PBXBuildFile; fileRef = 04CE93D626E8D519009D7865 /* MenuCell.xib */; };
		04CE93DC26E8D536009D7865 /* ContainerCell.swift in Sources */ = {isa = PBXBuildFile; fileRef = 04CE93DA26E8D536009D7865 /* ContainerCell.swift */; };
		04CE93DD26E8D536009D7865 /* ContainerCell.xib in Resources */ = {isa = PBXBuildFile; fileRef = 04CE93DB26E8D536009D7865 /* ContainerCell.xib */; };
		04CE93E026E8E6F4009D7865 /* MovieModel.swift in Sources */ = {isa = PBXBuildFile; fileRef = 04CE93DF26E8E6F4009D7865 /* MovieModel.swift */; };
/* End PBXBuildFile section */

/* Begin PBXFileReference section */
		04CE936D26E787FE009D7865 /* Movie_app.app */ = {isa = PBXFileReference; explicitFileType = wrapper.application; includeInIndex = 0; path = Movie_app.app; sourceTree = BUILT_PRODUCTS_DIR; };
		04CE937026E787FE009D7865 /* AppDelegate.swift */ = {isa = PBXFileReference; lastKnownFileType = sourcecode.swift; path = AppDelegate.swift; sourceTree = "<group>"; };
		04CE937926E78800009D7865 /* Assets.xcassets */ = {isa = PBXFileReference; lastKnownFileType = folder.assetcatalog; path = Assets.xcassets; sourceTree = "<group>"; };
		04CE937C26E78800009D7865 /* Base */ = {isa = PBXFileReference; lastKnownFileType = file.storyboard; name = Base; path = Base.lproj/LaunchScreen.storyboard; sourceTree = "<group>"; };
		04CE937E26E78800009D7865 /* Info.plist */ = {isa = PBXFileReference; lastKnownFileType = text.plist.xml; path = Info.plist; sourceTree = "<group>"; };
		04CE939426E7891B009D7865 /* DetailVC.swift */ = {isa = PBXFileReference; lastKnownFileType = sourcecode.swift; path = DetailVC.swift; sourceTree = "<group>"; };
		04CE939526E7891B009D7865 /* DetailVC.xib */ = {isa = PBXFileReference; lastKnownFileType = file.xib; path = DetailVC.xib; sourceTree = "<group>"; };
		04CE939926E7892A009D7865 /* InfoVC.swift */ = {isa = PBXFileReference; lastKnownFileType = sourcecode.swift; path = InfoVC.swift; sourceTree = "<group>"; };
		04CE939A26E7892A009D7865 /* InfoVC.xib */ = {isa = PBXFileReference; lastKnownFileType = file.xib; path = InfoVC.xib; sourceTree = "<group>"; };
		04CE93A226E78B6F009D7865 /* HomeVC.swift */ = {isa = PBXFileReference; lastKnownFileType = sourcecode.swift; path = HomeVC.swift; sourceTree = "<group>"; };
		04CE93A326E78B6F009D7865 /* HomeVC.xib */ = {isa = PBXFileReference; lastKnownFileType = file.xib; path = HomeVC.xib; sourceTree = "<group>"; };
		04CE93AA26E78BB9009D7865 /* FavouriteVC.swift */ = {isa = PBXFileReference; lastKnownFileType = sourcecode.swift; path = FavouriteVC.swift; sourceTree = "<group>"; };
		04CE93AB26E78BB9009D7865 /* FavouriteVC.xib */ = {isa = PBXFileReference; lastKnownFileType = file.xib; path = FavouriteVC.xib; sourceTree = "<group>"; };
		04CE93B026E78BC8009D7865 /* Profile.swift */ = {isa = PBXFileReference; lastKnownFileType = sourcecode.swift; path = Profile.swift; sourceTree = "<group>"; };
		04CE93B126E78BC8009D7865 /* Profile.xib */ = {isa = PBXFileReference; lastKnownFileType = file.xib; path = Profile.xib; sourceTree = "<group>"; };
		04CE93B726E78E5D009D7865 /* MainTabbarVC.swift */ = {isa = PBXFileReference; lastKnownFileType = sourcecode.swift; path = MainTabbarVC.swift; sourceTree = "<group>"; };
		04CE93D026E8D417009D7865 /* MovieCell.swift */ = {isa = PBXFileReference; lastKnownFileType = sourcecode.swift; path = MovieCell.swift; sourceTree = "<group>"; };
		04CE93D126E8D417009D7865 /* MovieCell.xib */ = {isa = PBXFileReference; lastKnownFileType = file.xib; path = MovieCell.xib; sourceTree = "<group>"; };
		04CE93D526E8D519009D7865 /* MenuCell.swift */ = {isa = PBXFileReference; lastKnownFileType = sourcecode.swift; path = MenuCell.swift; sourceTree = "<group>"; };
		04CE93D626E8D519009D7865 /* MenuCell.xib */ = {isa = PBXFileReference; lastKnownFileType = file.xib; path = MenuCell.xib; sourceTree = "<group>"; };
		04CE93DA26E8D536009D7865 /* ContainerCell.swift */ = {isa = PBXFileReference; lastKnownFileType = sourcecode.swift; path = ContainerCell.swift; sourceTree = "<group>"; };
		04CE93DB26E8D536009D7865 /* ContainerCell.xib */ = {isa = PBXFileReference; lastKnownFileType = file.xib; path = ContainerCell.xib; sourceTree = "<group>"; };
		04CE93DF26E8E6F4009D7865 /* MovieModel.swift */ = {isa = PBXFileReference; lastKnownFileType = sourcecode.swift; path = MovieModel.swift; sourceTree = "<group>"; };
/* End PBXFileReference section */

/* Begin PBXFrameworksBuildPhase section */
		04CE936A26E787FE009D7865 /* Frameworks */ = {
			isa = PBXFrameworksBuildPhase;
			buildActionMask = 2147483647;
			files = (
			);
			runOnlyForDeploymentPostprocessing = 0;
		};
/* End PBXFrameworksBuildPhase section */

/* Begin PBXGroup section */
		04CE936426E787FD009D7865 = {
			isa = PBXGroup;
			children = (
				04CE936F26E787FE009D7865 /* Movie_app */,
				04CE936E26E787FE009D7865 /* Products */,
			);
			sourceTree = "<group>";
		};
		04CE936E26E787FE009D7865 /* Products */ = {
			isa = PBXGroup;
			children = (
				04CE936D26E787FE009D7865 /* Movie_app.app */,
			);
			name = Products;
			sourceTree = "<group>";
		};
		04CE936F26E787FE009D7865 /* Movie_app */ = {
			isa = PBXGroup;
			children = (
				04CE938926E7886C009D7865 /* Model */,
				04CE938A26E7887A009D7865 /* View */,
				04CE938B26E78882009D7865 /* ViewModel */,
				04CE939F26E789FF009D7865 /* app-resource */,
				04CE939E26E789F2009D7865 /* app-settings */,
				04CE937B26E78800009D7865 /* LaunchScreen.storyboard */,
				04CE937E26E78800009D7865 /* Info.plist */,
			);
			path = Movie_app;
			sourceTree = "<group>";
		};
		04CE938926E7886C009D7865 /* Model */ = {
			isa = PBXGroup;
			children = (
				04CE93DF26E8E6F4009D7865 /* MovieModel.swift */,
			);
			path = Model;
			sourceTree = "<group>";
		};
		04CE938A26E7887A009D7865 /* View */ = {
			isa = PBXGroup;
			children = (
				04CE93CA26E8D377009D7865 /* Contoller */,
				04CE93CF26E8D3A0009D7865 /* Cell */,
				04CE93B626E78E20009D7865 /* View */,
			);
			path = View;
			sourceTree = "<group>";
		};
		04CE938B26E78882009D7865 /* ViewModel */ = {
			isa = PBXGroup;
			children = (
			);
			path = ViewModel;
			sourceTree = "<group>";
		};
		04CE938C26E788A6009D7865 /* main */ = {
			isa = PBXGroup;
			children = (
				04CE93A926E78B9C009D7865 /* profile */,
				04CE93A826E78B8C009D7865 /* favourite */,
				04CE93A726E78B7D009D7865 /* home */,
			);
			path = main;
			sourceTree = "<group>";
		};
		04CE938D26E788C2009D7865 /* detail */ = {
			isa = PBXGroup;
			children = (
				04CE939426E7891B009D7865 /* DetailVC.swift */,
				04CE939526E7891B009D7865 /* DetailVC.xib */,
			);
			path = detail;
			sourceTree = "<group>";
		};
		04CE938E26E788DD009D7865 /* info */ = {
			isa = PBXGroup;
			children = (
				04CE939926E7892A009D7865 /* InfoVC.swift */,
				04CE939A26E7892A009D7865 /* InfoVC.xib */,
			);
			path = info;
			sourceTree = "<group>";
		};
		04CE939E26E789F2009D7865 /* app-settings */ = {
			isa = PBXGroup;
			children = (
				04CE937026E787FE009D7865 /* AppDelegate.swift */,
			);
			path = "app-settings";
			sourceTree = "<group>";
		};
		04CE939F26E789FF009D7865 /* app-resource */ = {
			isa = PBXGroup;
			children = (
				04CE937926E78800009D7865 /* Assets.xcassets */,
			);
			path = "app-resource";
			sourceTree = "<group>";
		};
		04CE93A726E78B7D009D7865 /* home */ = {
			isa = PBXGroup;
			children = (
				04CE93A226E78B6F009D7865 /* HomeVC.swift */,
				04CE93A326E78B6F009D7865 /* HomeVC.xib */,
			);
			path = home;
			sourceTree = "<group>";
		};
		04CE93A826E78B8C009D7865 /* favourite */ = {
			isa = PBXGroup;
			children = (
				04CE93AA26E78BB9009D7865 /* FavouriteVC.swift */,
				04CE93AB26E78BB9009D7865 /* FavouriteVC.xib */,
			);
			path = favourite;
			sourceTree = "<group>";
		};
		04CE93A926E78B9C009D7865 /* profile */ = {
			isa = PBXGroup;
			children = (
				04CE93B026E78BC8009D7865 /* Profile.swift */,
				04CE93B126E78BC8009D7865 /* Profile.xib */,
			);
			path = profile;
			sourceTree = "<group>";
		};
		04CE93B626E78E20009D7865 /* View */ = {
			isa = PBXGroup;
			children = (
				04CE93B726E78E5D009D7865 /* MainTabbarVC.swift */,
			);
			path = View;
			sourceTree = "<group>";
		};
		04CE93CA26E8D377009D7865 /* Contoller */ = {
			isa = PBXGroup;
			children = (
				04CE938C26E788A6009D7865 /* main */,
				04CE938D26E788C2009D7865 /* detail */,
				04CE938E26E788DD009D7865 /* info */,
			);
			path = Contoller;
			sourceTree = "<group>";
		};
		04CE93CF26E8D3A0009D7865 /* Cell */ = {
			isa = PBXGroup;
			children = (
				04CE93D026E8D417009D7865 /* MovieCell.swift */,
				04CE93D126E8D417009D7865 /* MovieCell.xib */,
				04CE93D526E8D519009D7865 /* MenuCell.swift */,
				04CE93D626E8D519009D7865 /* MenuCell.xib */,
				04CE93DA26E8D536009D7865 /* ContainerCell.swift */,
				04CE93DB26E8D536009D7865 /* ContainerCell.xib */,
			);
			path = Cell;
			sourceTree = "<group>";
		};
/* End PBXGroup section */

/* Begin PBXNativeTarget section */
		04CE936C26E787FE009D7865 /* Movie_app */ = {
			isa = PBXNativeTarget;
			buildConfigurationList = 04CE938126E78800009D7865 /* Build configuration list for PBXNativeTarget "Movie_app" */;
			buildPhases = (
				04CE936926E787FE009D7865 /* Sources */,
				04CE936A26E787FE009D7865 /* Frameworks */,
				04CE936B26E787FE009D7865 /* Resources */,
			);
			buildRules = (
			);
			dependencies = (
			);
			name = Movie_app;
			productName = Movie_app;
			productReference = 04CE936D26E787FE009D7865 /* Movie_app.app */;
			productType = "com.apple.product-type.application";
		};
/* End PBXNativeTarget section */

/* Begin PBXProject section */
		04CE936526E787FD009D7865 /* Project object */ = {
			isa = PBXProject;
			attributes = {
				LastSwiftUpdateCheck = 1240;
				LastUpgradeCheck = 1240;
				TargetAttributes = {
					04CE936C26E787FE009D7865 = {
						CreatedOnToolsVersion = 12.4;
					};
				};
			};
			buildConfigurationList = 04CE936826E787FD009D7865 /* Build configuration list for PBXProject "Movie_app" */;
			compatibilityVersion = "Xcode 9.3";
			developmentRegion = en;
			hasScannedForEncodings = 0;
			knownRegions = (
				en,
				Base,
			);
			mainGroup = 04CE936426E787FD009D7865;
			productRefGroup = 04CE936E26E787FE009D7865 /* Products */;
			projectDirPath = "";
			projectRoot = "";
			targets = (
				04CE936C26E787FE009D7865 /* Movie_app */,
			);
		};
/* End PBXProject section */

/* Begin PBXResourcesBuildPhase section */
		04CE936B26E787FE009D7865 /* Resources */ = {
			isa = PBXResourcesBuildPhase;
			buildActionMask = 2147483647;
			files = (
				04CE937D26E78800009D7865 /* LaunchScreen.storyboard in Resources */,
				04CE93B326E78BC8009D7865 /* Profile.xib in Resources */,
				04CE939726E7891B009D7865 /* DetailVC.xib in Resources */,
				04CE93DD26E8D536009D7865 /* ContainerCell.xib in Resources */,
				04CE93D826E8D519009D7865 /* MenuCell.xib in Resources */,
				04CE939C26E7892A009D7865 /* InfoVC.xib in Resources */,
				04CE937A26E78800009D7865 /* Assets.xcassets in Resources */,
				04CE93A526E78B6F009D7865 /* HomeVC.xib in Resources */,
				04CE93D326E8D417009D7865 /* MovieCell.xib in Resources */,
				04CE93AD26E78BB9009D7865 /* FavouriteVC.xib in Resources */,
			);
			runOnlyForDeploymentPostprocessing = 0;
		};
/* End PBXResourcesBuildPhase section */

/* Begin PBXSourcesBuildPhase section */
		04CE936926E787FE009D7865 /* Sources */ = {
			isa = PBXSourcesBuildPhase;
			buildActionMask = 2147483647;
			files = (
				04CE93E026E8E6F4009D7865 /* MovieModel.swift in Sources */,
				04CE939B26E7892A009D7865 /* InfoVC.swift in Sources */,
				04CE93B826E78E5D009D7865 /* MainTabbarVC.swift in Sources */,
				04CE93D726E8D519009D7865 /* MenuCell.swift in Sources */,
				04CE93DC26E8D536009D7865 /* ContainerCell.swift in Sources */,
				04CE93D226E8D417009D7865 /* MovieCell.swift in Sources */,
				04CE937126E787FE009D7865 /* AppDelegate.swift in Sources */,
				04CE93A426E78B6F009D7865 /* HomeVC.swift in Sources */,
				04CE93AC26E78BB9009D7865 /* FavouriteVC.swift in Sources */,
				04CE939626E7891B009D7865 /* DetailVC.swift in Sources */,
				04CE93B226E78BC8009D7865 /* Profile.swift in Sources */,
			);
			runOnlyForDeploymentPostprocessing = 0;
		};
/* End PBXSourcesBuildPhase section */

/* Begin PBXVariantGroup section */
		04CE937B26E78800009D7865 /* LaunchScreen.storyboard */ = {
			isa = PBXVariantGroup;
			children = (
				04CE937C26E78800009D7865 /* Base */,
			);
			name = LaunchScreen.storyboard;
			sourceTree = "<group>";
		};
/* End PBXVariantGroup section */

/* Begin XCBuildConfiguration section */
		04CE937F26E78800009D7865 /* Debug */ = {
			isa = XCBuildConfiguration;
			buildSettings = {
				ALWAYS_SEARCH_USER_PATHS = NO;
				CLANG_ANALYZER_NONNULL = YES;
				CLANG_ANALYZER_NUMBER_OBJECT_CONVERSION = YES_AGGRESSIVE;
				CLANG_CXX_LANGUAGE_STANDARD = "gnu++14";
				CLANG_CXX_LIBRARY = "libc++";
				CLANG_ENABLE_MODULES = YES;
				CLANG_ENABLE_OBJC_ARC = YES;
				CLANG_ENABLE_OBJC_WEAK = YES;
				CLANG_WARN_BLOCK_CAPTURE_AUTORELEASING = YES;
				CLANG_WARN_BOOL_CONVERSION = YES;
				CLANG_WARN_COMMA = YES;
				CLANG_WARN_CONSTANT_CONVERSION = YES;
				CLANG_WARN_DEPRECATED_OBJC_IMPLEMENTATIONS = YES;
				CLANG_WARN_DIRECT_OBJC_ISA_USAGE = YES_ERROR;
				CLANG_WARN_DOCUMENTATION_COMMENTS = YES;
				CLANG_WARN_EMPTY_BODY = YES;
				CLANG_WARN_ENUM_CONVERSION = YES;
				CLANG_WARN_INFINITE_RECURSION = YES;
				CLANG_WARN_INT_CONVERSION = YES;
				CLANG_WARN_NON_LITERAL_NULL_CONVERSION = YES;
				CLANG_WARN_OBJC_IMPLICIT_RETAIN_SELF = YES;
				CLANG_WARN_OBJC_LITERAL_CONVERSION = YES;
				CLANG_WARN_OBJC_ROOT_CLASS = YES_ERROR;
				CLANG_WARN_QUOTED_INCLUDE_IN_FRAMEWORK_HEADER = YES;
				CLANG_WARN_RANGE_LOOP_ANALYSIS = YES;
				CLANG_WARN_STRICT_PROTOTYPES = YES;
				CLANG_WARN_SUSPICIOUS_MOVE = YES;
				CLANG_WARN_UNGUARDED_AVAILABILITY = YES_AGGRESSIVE;
				CLANG_WARN_UNREACHABLE_CODE = YES;
				CLANG_WARN__DUPLICATE_METHOD_MATCH = YES;
				COPY_PHASE_STRIP = NO;
				DEBUG_INFORMATION_FORMAT = dwarf;
				ENABLE_STRICT_OBJC_MSGSEND = YES;
				ENABLE_TESTABILITY = YES;
				GCC_C_LANGUAGE_STANDARD = gnu11;
				GCC_DYNAMIC_NO_PIC = NO;
				GCC_NO_COMMON_BLOCKS = YES;
				GCC_OPTIMIZATION_LEVEL = 0;
				GCC_PREPROCESSOR_DEFINITIONS = (
					"DEBUG=1",
					"$(inherited)",
				);
				GCC_WARN_64_TO_32_BIT_CONVERSION = YES;
				GCC_WARN_ABOUT_RETURN_TYPE = YES_ERROR;
				GCC_WARN_UNDECLARED_SELECTOR = YES;
				GCC_WARN_UNINITIALIZED_AUTOS = YES_AGGRESSIVE;
				GCC_WARN_UNUSED_FUNCTION = YES;
				GCC_WARN_UNUSED_VARIABLE = YES;
				IPHONEOS_DEPLOYMENT_TARGET = 14.4;
				MTL_ENABLE_DEBUG_INFO = INCLUDE_SOURCE;
				MTL_FAST_MATH = YES;
				ONLY_ACTIVE_ARCH = YES;
				SDKROOT = iphoneos;
				SWIFT_ACTIVE_COMPILATION_CONDITIONS = DEBUG;
				SWIFT_OPTIMIZATION_LEVEL = "-Onone";
			};
			name = Debug;
		};
		04CE938026E78800009D7865 /* Release */ = {
			isa = XCBuildConfiguration;
			buildSettings = {
				ALWAYS_SEARCH_USER_PATHS = NO;
				CLANG_ANALYZER_NONNULL = YES;
				CLANG_ANALYZER_NUMBER_OBJECT_CONVERSION = YES_AGGRESSIVE;
				CLANG_CXX_LANGUAGE_STANDARD = "gnu++14";
				CLANG_CXX_LIBRARY = "libc++";
				CLANG_ENABLE_MODULES = YES;
				CLANG_ENABLE_OBJC_ARC = YES;
				CLANG_ENABLE_OBJC_WEAK = YES;
				CLANG_WARN_BLOCK_CAPTURE_AUTORELEASING = YES;
				CLANG_WARN_BOOL_CONVERSION = YES;
				CLANG_WARN_COMMA = YES;
				CLANG_WARN_CONSTANT_CONVERSION = YES;
				CLANG_WARN_DEPRECATED_OBJC_IMPLEMENTATIONS = YES;
				CLANG_WARN_DIRECT_OBJC_ISA_USAGE = YES_ERROR;
				CLANG_WARN_DOCUMENTATION_COMMENTS = YES;
				CLANG_WARN_EMPTY_BODY = YES;
				CLANG_WARN_ENUM_CONVERSION = YES;
				CLANG_WARN_INFINITE_RECURSION = YES;
				CLANG_WARN_INT_CONVERSION = YES;
				CLANG_WARN_NON_LITERAL_NULL_CONVERSION = YES;
				CLANG_WARN_OBJC_IMPLICIT_RETAIN_SELF = YES;
				CLANG_WARN_OBJC_LITERAL_CONVERSION = YES;
				CLANG_WARN_OBJC_ROOT_CLASS = YES_ERROR;
				CLANG_WARN_QUOTED_INCLUDE_IN_FRAMEWORK_HEADER = YES;
				CLANG_WARN_RANGE_LOOP_ANALYSIS = YES;
				CLANG_WARN_STRICT_PROTOTYPES = YES;
				CLANG_WARN_SUSPICIOUS_MOVE = YES;
				CLANG_WARN_UNGUARDED_AVAILABILITY = YES_AGGRESSIVE;
				CLANG_WARN_UNREACHABLE_CODE = YES;
				CLANG_WARN__DUPLICATE_METHOD_MATCH = YES;
				COPY_PHASE_STRIP = NO;
				DEBUG_INFORMATION_FORMAT = "dwarf-with-dsym";
				ENABLE_NS_ASSERTIONS = NO;
				ENABLE_STRICT_OBJC_MSGSEND = YES;
				GCC_C_LANGUAGE_STANDARD = gnu11;
				GCC_NO_COMMON_BLOCKS = YES;
				GCC_WARN_64_TO_32_BIT_CONVERSION = YES;
				GCC_WARN_ABOUT_RETURN_TYPE = YES_ERROR;
				GCC_WARN_UNDECLARED_SELECTOR = YES;
				GCC_WARN_UNINITIALIZED_AUTOS = YES_AGGRESSIVE;
				GCC_WARN_UNUSED_FUNCTION = YES;
				GCC_WARN_UNUSED_VARIABLE = YES;
				IPHONEOS_DEPLOYMENT_TARGET = 14.4;
				MTL_ENABLE_DEBUG_INFO = NO;
				MTL_FAST_MATH = YES;
				SDKROOT = iphoneos;
				SWIFT_COMPILATION_MODE = wholemodule;
				SWIFT_OPTIMIZATION_LEVEL = "-O";
				VALIDATE_PRODUCT = YES;
			};
			name = Release;
		};
		04CE938226E78800009D7865 /* Debug */ = {
			isa = XCBuildConfiguration;
			buildSettings = {
				ASSETCATALOG_COMPILER_APPICON_NAME = AppIcon;
				ASSETCATALOG_COMPILER_GLOBAL_ACCENT_COLOR_NAME = AccentColor;
				CODE_SIGN_STYLE = Automatic;
				DEVELOPMENT_TEAM = PN5QG2Z2AV;
				INFOPLIST_FILE = Movie_app/Info.plist;
				IPHONEOS_DEPLOYMENT_TARGET = 11.0;
				LD_RUNPATH_SEARCH_PATHS = (
					"$(inherited)",
					"@executable_path/Frameworks",
				);
				PRODUCT_BUNDLE_IDENTIFIER = "mac.uz.Movie-app";
				PRODUCT_NAME = "$(TARGET_NAME)";
				SWIFT_VERSION = 5.0;
				TARGETED_DEVICE_FAMILY = 1;
			};
			name = Debug;
		};
		04CE938326E78800009D7865 /* Release */ = {
			isa = XCBuildConfiguration;
			buildSettings = {
				ASSETCATALOG_COMPILER_APPICON_NAME = AppIcon;
				ASSETCATALOG_COMPILER_GLOBAL_ACCENT_COLOR_NAME = AccentColor;
				CODE_SIGN_STYLE = Automatic;
				DEVELOPMENT_TEAM = PN5QG2Z2AV;
				INFOPLIST_FILE = Movie_app/Info.plist;
				IPHONEOS_DEPLOYMENT_TARGET = 11.0;
				LD_RUNPATH_SEARCH_PATHS = (
					"$(inherited)",
					"@executable_path/Frameworks",
				);
				PRODUCT_BUNDLE_IDENTIFIER = "mac.uz.Movie-app";
				PRODUCT_NAME = "$(TARGET_NAME)";
				SWIFT_VERSION = 5.0;
				TARGETED_DEVICE_FAMILY = 1;
			};
			name = Release;
		};
/* End XCBuildConfiguration section */

/* Begin XCConfigurationList section */
		04CE936826E787FD009D7865 /* Build configuration list for PBXProject "Movie_app" */ = {
			isa = XCConfigurationList;
			buildConfigurations = (
				04CE937F26E78800009D7865 /* Debug */,
				04CE938026E78800009D7865 /* Release */,
			);
			defaultConfigurationIsVisible = 0;
			defaultConfigurationName = Release;
		};
		04CE938126E78800009D7865 /* Build configuration list for PBXNativeTarget "Movie_app" */ = {
			isa = XCConfigurationList;
			buildConfigurations = (
				04CE938226E78800009D7865 /* Debug */,
				04CE938326E78800009D7865 /* Release */,
			);
			defaultConfigurationIsVisible = 0;
			defaultConfigurationName = Release;
		};
/* End XCConfigurationList section */
	};
	rootObject = 04CE936526E787FD009D7865 /* Project object */;
}
